
Microsoft Visual Studio Solution File, Format Version 12.00
# Visual Studio 15
Project("{FAE04EC0-301F-11D3-BF4B-00C04F79EFBC}") = "ApprovalBySuperior", "ApprovalBySuperior\ApprovalBySuperior.csproj", "{276DC56D-C4A1-4455-B3CF-860C4FC53107}"
EndProject
Global
	GlobalSection(SolutionConfigurationPlatforms) = preSolution
		Debug|Any CPU = Debug|Any CPU
		Release|Any CPU = Release|Any CPU
	EndGlobalSection
	GlobalSection(ProjectConfigurationPlatforms) = postSolution
		{276DC56D-C4A1-4455-B3CF-860C4FC53107}.Debug|Any CPU.ActiveCfg = Debug|Any CPU
		{276DC56D-C4A1-4455-B3CF-860C4FC53107}.Debug|Any CPU.Build.0 = Debug|Any CPU
		{276DC56D-C4A1-4455-B3CF-860C4FC53107}.Release|Any CPU.ActiveCfg = Release|Any CPU
		{276DC56D-C4A1-4455-B3CF-860C4FC53107}.Release|Any CPU.Build.0 = Release|Any CPU
	EndGlobalSection
EndGlobal
